
Microsoft Visual Studio Solution File, Format Version 12.00
# Visual Studio Version 17
VisualStudioVersion = 17.7.34202.233
MinimumVisualStudioVersion = 10.0.40219.1
Project("{FAE04EC0-301F-11D3-BF4B-00C04F79EFBC}") = "WebAPILogging", "WebAPILogging\WebAPILogging.csproj", "{7AF094FB-D75D-4049-B56C-CF3B51F6110F}"
EndProject
Global
	GlobalSection(SolutionConfigurationPlatforms) = preSolution
		Debug|Any CPU = Debug|Any CPU
		Release|Any CPU = Release|Any CPU
	EndGlobalSection
	GlobalSection(ProjectConfigurationPlatforms) = postSolution
		{7AF094FB-D75D-4049-B56C-CF3B51F6110F}.Debug|Any CPU.ActiveCfg = Debug|Any CPU
		{7AF094FB-D75D-4049-B56C-CF3B51F6110F}.Debug|Any CPU.Build.0 = Debug|Any CPU
		{7AF094FB-D75D-4049-B56C-CF3B51F6110F}.Release|Any CPU.ActiveCfg = Release|Any CPU
		{7AF094FB-D75D-4049-B56C-CF3B51F6110F}.Release|Any CPU.Build.0 = Release|Any CPU
	EndGlobalSection
	GlobalSection(SolutionProperties) = preSolution
		HideSolutionNode = FALSE
	EndGlobalSection
	GlobalSection(ExtensibilityGlobals) = postSolution
		SolutionGuid = {3D52B966-949F-42A6-AAB6-3BAB78D7A22A}
	EndGlobalSection
EndGlobal
